PODS:
  - TekServiceInterfaces (0.1.13)

DEPENDENCIES:
  - TekServiceInterfaces (from `../`)

EXTERNAL SOURCES:
  TekServiceInterfaces:
    :path: "../"

SPEC CHECKSUMS:
  TekServiceInterfaces: e4b1639226a6f73d507c4a917cf99cdbf786d65e

PODFILE CHECKSUM: ac6aaeedc88c12916da296e54e630a4857e67c7b

COCOAPODS: 1.9.2
