PODS:
  - TekServiceInterfaces (0.1.14)

DEPENDENCIES:
  - TekServiceInterfaces (from `../`)

EXTERNAL SOURCES:
  TekServiceInterfaces:
    :path: "../"

SPEC CHECKSUMS:
  TekServiceInterfaces: b1c82620463b120fa270302ab5003af225617026

PODFILE CHECKSUM: ac6aaeedc88c12916da296e54e630a4857e67c7b

COCOAPODS: 1.9.1
